
Microsoft Visual Studio Solution File, Format Version 12.00
# Visual Studio Version 17
VisualStudioVersion = 17.7.34024.191
MinimumVisualStudioVersion = 10.0.40219.1
Project("{FAE04EC0-301F-11D3-BF4B-00C04F79EFBC}") = "OldMacDonaldAppleFarm.Common", "OldMacDonaldAppleFarm.Common\OldMacDonaldAppleFarm.Common.csproj", "{ED4ADEB7-7E81-4B9A-B0C7-53CC87436D4C}"
EndProject
Global
	GlobalSection(SolutionConfigurationPlatforms) = preSolution
		Debug|Any CPU = Debug|Any CPU
		Release|Any CPU = Release|Any CPU
	EndGlobalSection
	GlobalSection(ProjectConfigurationPlatforms) = postSolution
		{ED4ADEB7-7E81-4B9A-B0C7-53CC87436D4C}.Debug|Any CPU.ActiveCfg = Debug|Any CPU
		{ED4ADEB7-7E81-4B9A-B0C7-53CC87436D4C}.Debug|Any CPU.Build.0 = Debug|Any CPU
		{ED4ADEB7-7E81-4B9A-B0C7-53CC87436D4C}.Release|Any CPU.ActiveCfg = Release|Any CPU
		{ED4ADEB7-7E81-4B9A-B0C7-53CC87436D4C}.Release|Any CPU.Build.0 = Release|Any CPU
	EndGlobalSection
	GlobalSection(SolutionProperties) = preSolution
		HideSolutionNode = FALSE
	EndGlobalSection
	GlobalSection(ExtensibilityGlobals) = postSolution
		SolutionGuid = {E47F3BBA-9FF6-4B46-B678-584F73E407F0}
	EndGlobalSection
EndGlobal
