
Microsoft Visual Studio Solution File, Format Version 12.00
# Visual Studio Version 17
VisualStudioVersion = 17.7.34024.191
MinimumVisualStudioVersion = 10.0.40219.1
Project("{FAE04EC0-301F-11D3-BF4B-00C04F79EFBC}") = "Week3InClassDemo.NoLinq", "Week3InClassDemo.NoLinq\Week3InClassDemo.NoLinq.csproj", "{855A17C9-5FC5-432A-B592-71CA67515923}"
EndProject
Project("{FAE04EC0-301F-11D3-BF4B-00C04F79EFBC}") = "Week3InClassDemo.QueryExpressions", "Week3InClassDemo.QueryExpressions\Week3InClassDemo.QueryExpressions.csproj", "{34F1E891-FC9F-4927-884D-697CDB7D1551}"
EndProject
Project("{FAE04EC0-301F-11D3-BF4B-00C04F79EFBC}") = "Week3InClassDemo.MethodsSyntax", "Week3InClassDemo.MethodsSyntax\Week3InClassDemo.MethodsSyntax.csproj", "{E6DCD854-14F9-4E80-90E1-6E81A1FD4A65}"
EndProject
Project("{FAE04EC0-301F-11D3-BF4B-00C04F79EFBC}") = "Week3InClassDemo.Common", "Week3InClassDemo.Common\Week3InClassDemo.Common.csproj", "{63798CAF-059E-4318-8D3C-79B30C4CB770}"
EndProject
Project("{FAE04EC0-301F-11D3-BF4B-00C04F79EFBC}") = "Week3InClassDemo.InClassExercise", "Week3InClassDemo.InClassExercise\Week3InClassDemo.InClassExercise.csproj", "{02CFC9AD-29FA-43E2-98D9-822B2E7C7522}"
EndProject
Project("{FAE04EC0-301F-11D3-BF4B-00C04F79EFBC}") = "Week3InClassDemo.ListCollectionDemo", "Week3InClassDemo.ListCollectionDemo\Week3InClassDemo.ListCollectionDemo.csproj", "{47AB88BA-7784-43F9-A666-DC49F38F2422}"
EndProject
Global
	GlobalSection(SolutionConfigurationPlatforms) = preSolution
		Debug|Any CPU = Debug|Any CPU
		Release|Any CPU = Release|Any CPU
	EndGlobalSection
	GlobalSection(ProjectConfigurationPlatforms) = postSolution
		{855A17C9-5FC5-432A-B592-71CA67515923}.Debug|Any CPU.ActiveCfg = Debug|Any CPU
		{855A17C9-5FC5-432A-B592-71CA67515923}.Debug|Any CPU.Build.0 = Debug|Any CPU
		{855A17C9-5FC5-432A-B592-71CA67515923}.Release|Any CPU.ActiveCfg = Release|Any CPU
		{855A17C9-5FC5-432A-B592-71CA67515923}.Release|Any CPU.Build.0 = Release|Any CPU
		{34F1E891-FC9F-4927-884D-697CDB7D1551}.Debug|Any CPU.ActiveCfg = Debug|Any CPU
		{34F1E891-FC9F-4927-884D-697CDB7D1551}.Debug|Any CPU.Build.0 = Debug|Any CPU
		{34F1E891-FC9F-4927-884D-697CDB7D1551}.Release|Any CPU.ActiveCfg = Release|Any CPU
		{34F1E891-FC9F-4927-884D-697CDB7D1551}.Release|Any CPU.Build.0 = Release|Any CPU
		{E6DCD854-14F9-4E80-90E1-6E81A1FD4A65}.Debug|Any CPU.ActiveCfg = Debug|Any CPU
		{E6DCD854-14F9-4E80-90E1-6E81A1FD4A65}.Debug|Any CPU.Build.0 = Debug|Any CPU
		{E6DCD854-14F9-4E80-90E1-6E81A1FD4A65}.Release|Any CPU.ActiveCfg = Release|Any CPU
		{E6DCD854-14F9-4E80-90E1-6E81A1FD4A65}.Release|Any CPU.Build.0 = Release|Any CPU
		{63798CAF-059E-4318-8D3C-79B30C4CB770}.Debug|Any CPU.ActiveCfg = Debug|Any CPU
		{63798CAF-059E-4318-8D3C-79B30C4CB770}.Debug|Any CPU.Build.0 = Debug|Any CPU
		{63798CAF-059E-4318-8D3C-79B30C4CB770}.Release|Any CPU.ActiveCfg = Release|Any CPU
		{63798CAF-059E-4318-8D3C-79B30C4CB770}.Release|Any CPU.Build.0 = Release|Any CPU
		{02CFC9AD-29FA-43E2-98D9-822B2E7C7522}.Debug|Any CPU.ActiveCfg = Debug|Any CPU
		{02CFC9AD-29FA-43E2-98D9-822B2E7C7522}.Debug|Any CPU.Build.0 = Debug|Any CPU
		{02CFC9AD-29FA-43E2-98D9-822B2E7C7522}.Release|Any CPU.ActiveCfg = Release|Any CPU
		{02CFC9AD-29FA-43E2-98D9-822B2E7C7522}.Release|Any CPU.Build.0 = Release|Any CPU
		{47AB88BA-7784-43F9-A666-DC49F38F2422}.Debug|Any CPU.ActiveCfg = Debug|Any CPU
		{47AB88BA-7784-43F9-A666-DC49F38F2422}.Debug|Any CPU.Build.0 = Debug|Any CPU
		{47AB88BA-7784-43F9-A666-DC49F38F2422}.Release|Any CPU.ActiveCfg = Release|Any CPU
		{47AB88BA-7784-43F9-A666-DC49F38F2422}.Release|Any CPU.Build.0 = Release|Any CPU
	EndGlobalSection
	GlobalSection(SolutionProperties) = preSolution
		HideSolutionNode = FALSE
	EndGlobalSection
	GlobalSection(ExtensibilityGlobals) = postSolution
		SolutionGuid = {28B457C1-1691-48BD-9527-47FE9E8203D3}
	EndGlobalSection
EndGlobal
